
Microsoft Visual Studio Solution File, Format Version 12.00
# Visual Studio Version 16
VisualStudioVersion = 16.0.30011.22
MinimumVisualStudioVersion = 10.0.40219.1
Project("{9A19103F-16F7-4668-BE54-9A1E7A4F7556}") = "Password.API", "Password.API\Password.API.csproj", "{759BCABE-4FCA-43D8-914C-5B1DD4DA5DCB}"
EndProject
Project("{FAE04EC0-301F-11D3-BF4B-00C04F79EFBC}") = "Password.Service", "Password.Service\Password.Service.csproj", "{033C762A-F67D-481D-AF5B-678A7FD0E06E}"
EndProject
Global
	GlobalSection(SolutionConfigurationPlatforms) = preSolution
		Debug|Any CPU = Debug|Any CPU
		Release|Any CPU = Release|Any CPU
	EndGlobalSection
	GlobalSection(ProjectConfigurationPlatforms) = postSolution
		{759BCABE-4FCA-43D8-914C-5B1DD4DA5DCB}.Debug|Any CPU.ActiveCfg = Debug|Any CPU
		{759BCABE-4FCA-43D8-914C-5B1DD4DA5DCB}.Debug|Any CPU.Build.0 = Debug|Any CPU
		{759BCABE-4FCA-43D8-914C-5B1DD4DA5DCB}.Release|Any CPU.ActiveCfg = Release|Any CPU
		{759BCABE-4FCA-43D8-914C-5B1DD4DA5DCB}.Release|Any CPU.Build.0 = Release|Any CPU
		{033C762A-F67D-481D-AF5B-678A7FD0E06E}.Debug|Any CPU.ActiveCfg = Debug|Any CPU
		{033C762A-F67D-481D-AF5B-678A7FD0E06E}.Debug|Any CPU.Build.0 = Debug|Any CPU
		{033C762A-F67D-481D-AF5B-678A7FD0E06E}.Release|Any CPU.ActiveCfg = Release|Any CPU
		{033C762A-F67D-481D-AF5B-678A7FD0E06E}.Release|Any CPU.Build.0 = Release|Any CPU
	EndGlobalSection
	GlobalSection(SolutionProperties) = preSolution
		HideSolutionNode = FALSE
	EndGlobalSection
	GlobalSection(ExtensibilityGlobals) = postSolution
		SolutionGuid = {EF47AB6D-D57D-4AD7-9886-FB3ED30A4942}
	EndGlobalSection
EndGlobal
